
Microsoft Visual Studio Solution File, Format Version 12.00
# Visual Studio Version 16
VisualStudioVersion = 16.0.31005.135
MinimumVisualStudioVersion = 10.0.40219.1
Project("{FAE04EC0-301F-11D3-BF4B-00C04F79EFBC}") = "Test", "Test\Test.csproj", "{D3AF8D8A-FD52-466C-B12B-CE72C7326A67}"
EndProject
Global
	GlobalSection(SolutionConfigurationPlatforms) = preSolution
		Debug|Any CPU = Debug|Any CPU
		Release|Any CPU = Release|Any CPU
	EndGlobalSection
	GlobalSection(ProjectConfigurationPlatforms) = postSolution
		{D3AF8D8A-FD52-466C-B12B-CE72C7326A67}.Debug|Any CPU.ActiveCfg = Debug|Any CPU
		{D3AF8D8A-FD52-466C-B12B-CE72C7326A67}.Debug|Any CPU.Build.0 = Debug|Any CPU
		{D3AF8D8A-FD52-466C-B12B-CE72C7326A67}.Release|Any CPU.ActiveCfg = Release|Any CPU
		{D3AF8D8A-FD52-466C-B12B-CE72C7326A67}.Release|Any CPU.Build.0 = Release|Any CPU
	EndGlobalSection
	GlobalSection(SolutionProperties) = preSolution
		HideSolutionNode = FALSE
	EndGlobalSection
	GlobalSection(ExtensibilityGlobals) = postSolution
		SolutionGuid = {5A1B0640-D020-4B8B-AA8E-E129780893FB}
	EndGlobalSection
EndGlobal
